
Microsoft Visual Studio Solution File, Format Version 12.00
# Visual Studio Version 17
VisualStudioVersion = 17.0.32112.339
MinimumVisualStudioVersion = 10.0.40219.1
Project("{9A19103F-16F7-4668-BE54-9A1E7A4F7556}") = "BookStore.Api", "ProjectManagement.Api\BookStore.Api.csproj", "{A5BAEACF-88F6-4EF7-AB85-4CBA7002D4D8}"
EndProject
Project("{9A19103F-16F7-4668-BE54-9A1E7A4F7556}") = "BookStore.Entities", "ProjectManagement.Entities\BookStore.Entities.csproj", "{A02F8CE2-8809-475D-80AD-281208A855A1}"
EndProject
Project("{9A19103F-16F7-4668-BE54-9A1E7A4F7556}") = "BookStore.Shared", "ProjectManagement.Shared\BookStore.Shared.csproj", "{AF2CA0CD-B66D-4865-83AE-7AEDF2C8C0BC}"
EndProject
Project("{9A19103F-16F7-4668-BE54-9A1E7A4F7556}") = "BookStore.Data", "ProjectManagement.Data.Implementation\BookStore.Data.csproj", "{57A2321D-AF71-47EA-8815-A47757BAF9B1}"
EndProject
Global
	GlobalSection(SolutionConfigurationPlatforms) = preSolution
		Debug|Any CPU = Debug|Any CPU
		Release|Any CPU = Release|Any CPU
	EndGlobalSection
	GlobalSection(ProjectConfigurationPlatforms) = postSolution
		{A5BAEACF-88F6-4EF7-AB85-4CBA7002D4D8}.Debug|Any CPU.ActiveCfg = Debug|Any CPU
		{A5BAEACF-88F6-4EF7-AB85-4CBA7002D4D8}.Debug|Any CPU.Build.0 = Debug|Any CPU
		{A5BAEACF-88F6-4EF7-AB85-4CBA7002D4D8}.Release|Any CPU.ActiveCfg = Release|Any CPU
		{A5BAEACF-88F6-4EF7-AB85-4CBA7002D4D8}.Release|Any CPU.Build.0 = Release|Any CPU
		{A02F8CE2-8809-475D-80AD-281208A855A1}.Debug|Any CPU.ActiveCfg = Debug|Any CPU
		{A02F8CE2-8809-475D-80AD-281208A855A1}.Debug|Any CPU.Build.0 = Debug|Any CPU
		{A02F8CE2-8809-475D-80AD-281208A855A1}.Release|Any CPU.ActiveCfg = Release|Any CPU
		{A02F8CE2-8809-475D-80AD-281208A855A1}.Release|Any CPU.Build.0 = Release|Any CPU
		{AF2CA0CD-B66D-4865-83AE-7AEDF2C8C0BC}.Debug|Any CPU.ActiveCfg = Debug|Any CPU
		{AF2CA0CD-B66D-4865-83AE-7AEDF2C8C0BC}.Debug|Any CPU.Build.0 = Debug|Any CPU
		{AF2CA0CD-B66D-4865-83AE-7AEDF2C8C0BC}.Release|Any CPU.ActiveCfg = Release|Any CPU
		{AF2CA0CD-B66D-4865-83AE-7AEDF2C8C0BC}.Release|Any CPU.Build.0 = Release|Any CPU
		{57A2321D-AF71-47EA-8815-A47757BAF9B1}.Debug|Any CPU.ActiveCfg = Debug|Any CPU
		{57A2321D-AF71-47EA-8815-A47757BAF9B1}.Debug|Any CPU.Build.0 = Debug|Any CPU
		{57A2321D-AF71-47EA-8815-A47757BAF9B1}.Release|Any CPU.ActiveCfg = Release|Any CPU
		{57A2321D-AF71-47EA-8815-A47757BAF9B1}.Release|Any CPU.Build.0 = Release|Any CPU
	EndGlobalSection
	GlobalSection(SolutionProperties) = preSolution
		HideSolutionNode = FALSE
	EndGlobalSection
	GlobalSection(ExtensibilityGlobals) = postSolution
		SolutionGuid = {1D5D7694-EB98-4FC4-AC73-B65EB2ACBB21}
	EndGlobalSection
EndGlobal
